<?xml version="1.0" encoding="utf-8"?>
<Project ToolsVersion="4.0" xmlns="http://schemas.microsoft.com/developer/msbuild/2003">
  <ItemGroup>
    <Filter Include="Source Files">
      <UniqueIdentifier>{4FC737F1-C7A5-4376-A066-2A32D752A2FF}</UniqueIdentifier>
      <Extensions>cpp;c;cc;cxx;def;odl;idl;hpj;bat;asm;asmx</Extensions>
    </Filter>
    <Filter Include="Header Files">
      <UniqueIdentifier>{93995380-89BD-4b04-88EB-625FBE52EBFB}</UniqueIdentifier>
      <Extensions>h;hh;hpp;hxx;hm;inl;inc;xsd</Extensions>
    </Filter>
    <Filter Include="Resource Files">
      <UniqueIdentifier>{67DA6AB6-F800-4c08-8B7A-83BB121AAD01}</UniqueIdentifier>
      <Extensions>rc;ico;cur;bmp;dlg;rc2;rct;bin;rgs;gif;jpg;jpeg;jpe;resx;tiff;tif;png;wav;mfcribbon-ms</Extensions>
    </Filter>
    <Filter Include="Source Files\Player States">
      <UniqueIdentifier>{01998e3c-3b6e-4fca-93c6-2e11642ff192}</UniqueIdentifier>
    </Filter>
    <Filter Include="Source Files\Entities">
      <UniqueIdentifier>{563ac9a1-a642-4ece-8180-7c8cec78e408}</UniqueIdentifier>
    </Filter>
    <Filter Include="Source Files\GameStates">
      <UniqueIdentifier>{46d6df89-cda6-49bb-8863-1f41f570de04}</UniqueIdentifier>
    </Filter>
    <Filter Include="Source Files\UI">
      <UniqueIdentifier>{ca6d4094-9287-4c3c-b9f6-ccdea84a8574}</UniqueIdentifier>
    </Filter>
  </ItemGroup>
  <ItemGroup>
    <ClCompile Include="Main.cpp">
      <Filter>Source Files</Filter>
    </ClCompile>
    <ClCompile Include="Window.cpp">
      <Filter>Source Files</Filter>
    </ClCompile>
    <ClCompile Include="Renderer.cpp">
      <Filter>Source Files</Filter>
    </ClCompile>
    <ClCompile Include="Game.cpp">
      <Filter>Source Files</Filter>
    </ClCompile>
    <ClCompile Include="TextureLoader.cpp">
      <Filter>Source Files</Filter>
    </ClCompile>
    <ClCompile Include="Input.cpp">
      <Filter>Source Files</Filter>
    </ClCompile>
    <ClCompile Include="TextureCache.cpp">
      <Filter>Source Files</Filter>
    </ClCompile>
    <ClCompile Include="GameFactory.cpp">
      <Filter>Source Files</Filter>
    </ClCompile>
    <ClCompile Include="EntityFactory.cpp">
      <Filter>Source Files</Filter>
    </ClCompile>
    <ClCompile Include="FramesPerSecond.cpp">
      <Filter>Source Files</Filter>
    </ClCompile>
    <ClCompile Include="Updater.cpp">
      <Filter>Source Files</Filter>
    </ClCompile>
    <ClCompile Include="CollisionHandler.cpp">
      <Filter>Source Files</Filter>
    </ClCompile>
    <ClCompile Include="CollisionDetector.cpp">
      <Filter>Source Files</Filter>
    </ClCompile>
    <ClCompile Include="Physics.cpp">
      <Filter>Source Files</Filter>
    </ClCompile>
    <ClCompile Include="PlayerStateMachine.cpp">
      <Filter>Source Files</Filter>
    </ClCompile>
    <ClCompile Include="AirTile.cpp">
      <Filter>Source Files\Entities</Filter>
    </ClCompile>
    <ClCompile Include="Walking.cpp">
      <Filter>Source Files\Player States</Filter>
    </ClCompile>
    <ClCompile Include="Standing.cpp">
      <Filter>Source Files\Player States</Filter>
    </ClCompile>
    <ClCompile Include="Running.cpp">
      <Filter>Source Files\Player States</Filter>
    </ClCompile>
    <ClCompile Include="PlayerState.cpp">
      <Filter>Source Files\Player States</Filter>
    </ClCompile>
    <ClCompile Include="Jumping.cpp">
      <Filter>Source Files\Player States</Filter>
    </ClCompile>
    <ClCompile Include="Global.cpp">
      <Filter>Source Files\Player States</Filter>
    </ClCompile>
    <ClCompile Include="Falling.cpp">
      <Filter>Source Files\Player States</Filter>
    </ClCompile>
    <ClCompile Include="WallClinging.cpp">
      <Filter>Source Files\Player States</Filter>
    </ClCompile>
    <ClCompile Include="Dead.cpp">
      <Filter>Source Files\Player States</Filter>
    </ClCompile>
    <ClCompile Include="Entity.cpp">
      <Filter>Source Files\Entities</Filter>
    </ClCompile>
    <ClCompile Include="Hero.cpp">
      <Filter>Source Files\Entities</Filter>
    </ClCompile>
    <ClCompile Include="SolidTile.cpp">
      <Filter>Source Files\Entities</Filter>
    </ClCompile>
    <ClCompile Include="Animation.cpp">
      <Filter>Source Files</Filter>
    </ClCompile>
    <ClCompile Include="Animator.cpp">
      <Filter>Source Files</Filter>
    </ClCompile>
    <ClCompile Include="Viewport.cpp">
      <Filter>Source Files</Filter>
    </ClCompile>
    <ClCompile Include="DamageTile.cpp">
      <Filter>Source Files\Entities</Filter>
    </ClCompile>
    <ClCompile Include="Timer.cpp">
      <Filter>Source Files</Filter>
    </ClCompile>
    <ClCompile Include="Effect.cpp">
      <Filter>Source Files\Entities</Filter>
    </ClCompile>
    <ClCompile Include="AnimationCache.cpp">
      <Filter>Source Files</Filter>
    </ClCompile>
    <ClCompile Include="GameState.cpp">
      <Filter>Source Files\GameStates</Filter>
    </ClCompile>
    <ClCompile Include="Stage.cpp">
      <Filter>Source Files\GameStates</Filter>
    </ClCompile>
    <ClCompile Include="StageGoal.cpp">
      <Filter>Source Files\Entities</Filter>
    </ClCompile>
    <ClCompile Include="TimeStep.cpp">
      <Filter>Source Files</Filter>
    </ClCompile>
    <ClCompile Include="Interpolator.cpp">
      <Filter>Source Files</Filter>
    </ClCompile>
    <ClCompile Include="MainMenu.cpp">
      <Filter>Source Files\GameStates</Filter>
    </ClCompile>
    <ClCompile Include="PauseScreen.cpp">
      <Filter>Source Files\GameStates</Filter>
    </ClCompile>
    <ClCompile Include="GameStateMachine.cpp">
      <Filter>Source Files\GameStates</Filter>
    </ClCompile>
    <ClCompile Include="FontLoader.cpp">
      <Filter>Source Files</Filter>
    </ClCompile>
    <ClCompile Include="AudioPlayer.cpp">
      <Filter>Source Files</Filter>
    </ClCompile>
    <ClCompile Include="MainButton.cpp">
      <Filter>Source Files\UI</Filter>
    </ClCompile>
    <ClCompile Include="Options.cpp">
      <Filter>Source Files\GameStates</Filter>
    </ClCompile>
    <ClCompile Include="OptionButton.cpp">
      <Filter>Source Files\UI</Filter>
    </ClCompile>
    <ClCompile Include="LevelSelect.cpp">
      <Filter>Source Files\GameStates</Filter>
    </ClCompile>
    <ClCompile Include="LevelButton.cpp">
      <Filter>Source Files\UI</Filter>
    </ClCompile>
    <ClCompile Include="PauseButton.cpp">
      <Filter>Source Files\UI</Filter>
    </ClCompile>
    <ClCompile Include="SaveGame.cpp">
      <Filter>Source Files</Filter>
    </ClCompile>
    <ClCompile Include="Victory.cpp">
      <Filter>Source Files\Player States</Filter>
    </ClCompile>
    <ClCompile Include="Spawning.cpp">
      <Filter>Source Files\Player States</Filter>
    </ClCompile>
  </ItemGroup>
  <ItemGroup>
    <ClInclude Include="Window.h">
      <Filter>Source Files</Filter>
    </ClInclude>
    <ClInclude Include="TextureLoader.h">
      <Filter>Source Files</Filter>
    </ClInclude>
    <ClInclude Include="TextureCache.h">
      <Filter>Source Files</Filter>
    </ClInclude>
    <ClInclude Include="Renderer.h">
      <Filter>Source Files</Filter>
    </ClInclude>
    <ClInclude Include="Input.h">
      <Filter>Source Files</Filter>
    </ClInclude>
    <ClInclude Include="Helpers.h">
      <Filter>Source Files</Filter>
    </ClInclude>
    <ClInclude Include="GameFactory.h">
      <Filter>Source Files</Filter>
    </ClInclude>
    <ClInclude Include="Game.h">
      <Filter>Source Files</Filter>
    </ClInclude>
    <ClInclude Include="FramesPerSecond.h">
      <Filter>Source Files</Filter>
    </ClInclude>
    <ClInclude Include="EntityFactory.h">
      <Filter>Source Files</Filter>
    </ClInclude>
    <ClInclude Include="Updater.h">
      <Filter>Source Files</Filter>
    </ClInclude>
    <ClInclude Include="CollisionHandler.h">
      <Filter>Source Files</Filter>
    </ClInclude>
    <ClInclude Include="CollisionDetector.h">
      <Filter>Source Files</Filter>
    </ClInclude>
    <ClInclude Include="Physics.h">
      <Filter>Source Files</Filter>
    </ClInclude>
    <ClInclude Include="PlayerStateMachine.h">
      <Filter>Source Files</Filter>
    </ClInclude>
    <ClInclude Include="AirTile.h">
      <Filter>Source Files\Entities</Filter>
    </ClInclude>
    <ClInclude Include="Entity.h">
      <Filter>Source Files\Entities</Filter>
    </ClInclude>
    <ClInclude Include="Walking.h">
      <Filter>Source Files\Player States</Filter>
    </ClInclude>
    <ClInclude Include="Standing.h">
      <Filter>Source Files\Player States</Filter>
    </ClInclude>
    <ClInclude Include="Running.h">
      <Filter>Source Files\Player States</Filter>
    </ClInclude>
    <ClInclude Include="PlayerState.h">
      <Filter>Source Files\Player States</Filter>
    </ClInclude>
    <ClInclude Include="Jumping.h">
      <Filter>Source Files\Player States</Filter>
    </ClInclude>
    <ClInclude Include="Global.h">
      <Filter>Source Files\Player States</Filter>
    </ClInclude>
    <ClInclude Include="Falling.h">
      <Filter>Source Files\Player States</Filter>
    </ClInclude>
    <ClInclude Include="WallClinging.h">
      <Filter>Source Files\Player States</Filter>
    </ClInclude>
    <ClInclude Include="Dead.h">
      <Filter>Source Files\Player States</Filter>
    </ClInclude>
    <ClInclude Include="Hero.h">
      <Filter>Source Files\Entities</Filter>
    </ClInclude>
    <ClInclude Include="SolidTile.h">
      <Filter>Source Files\Entities</Filter>
    </ClInclude>
    <ClInclude Include="Animation.h">
      <Filter>Source Files</Filter>
    </ClInclude>
    <ClInclude Include="Animator.h">
      <Filter>Source Files</Filter>
    </ClInclude>
    <ClInclude Include="Viewport.h">
      <Filter>Source Files</Filter>
    </ClInclude>
    <ClInclude Include="DamageTile.h">
      <Filter>Source Files\Entities</Filter>
    </ClInclude>
    <ClInclude Include="Timer.h">
      <Filter>Source Files</Filter>
    </ClInclude>
    <ClInclude Include="Effect.h">
      <Filter>Source Files\Entities</Filter>
    </ClInclude>
    <ClInclude Include="AnimationCache.h">
      <Filter>Source Files</Filter>
    </ClInclude>
    <ClInclude Include="GameState.h">
      <Filter>Source Files\GameStates</Filter>
    </ClInclude>
    <ClInclude Include="Stage.h">
      <Filter>Source Files\GameStates</Filter>
    </ClInclude>
    <ClInclude Include="StageGoal.h">
      <Filter>Source Files\Entities</Filter>
    </ClInclude>
    <ClInclude Include="TimeStep.h">
      <Filter>Source Files</Filter>
    </ClInclude>
    <ClInclude Include="Interpolator.h">
      <Filter>Source Files</Filter>
    </ClInclude>
    <ClInclude Include="MainMenu.h">
      <Filter>Source Files\GameStates</Filter>
    </ClInclude>
    <ClInclude Include="PauseScreen.h">
      <Filter>Source Files\GameStates</Filter>
    </ClInclude>
    <ClInclude Include="GameStateMachine.h">
      <Filter>Source Files\GameStates</Filter>
    </ClInclude>
    <ClInclude Include="FontLoader.h">
      <Filter>Source Files</Filter>
    </ClInclude>
    <ClInclude Include="AudioPlayer.h">
      <Filter>Source Files</Filter>
    </ClInclude>
    <ClInclude Include="MainButton.h">
      <Filter>Source Files\UI</Filter>
    </ClInclude>
    <ClInclude Include="Options.h">
      <Filter>Source Files\GameStates</Filter>
    </ClInclude>
    <ClInclude Include="OptionButton.h">
      <Filter>Source Files\UI</Filter>
    </ClInclude>
    <ClInclude Include="LevelSelect.h">
      <Filter>Source Files\GameStates</Filter>
    </ClInclude>
    <ClInclude Include="LevelButton.h">
      <Filter>Source Files\UI</Filter>
    </ClInclude>
    <ClInclude Include="PauseButton.h">
      <Filter>Source Files\UI</Filter>
    </ClInclude>
    <ClInclude Include="SaveGame.h">
      <Filter>Source Files</Filter>
    </ClInclude>
    <ClInclude Include="Victory.h">
      <Filter>Source Files\Player States</Filter>
    </ClInclude>
    <ClInclude Include="Spawning.h">
      <Filter>Source Files\Player States</Filter>
    </ClInclude>
  </ItemGroup>
</Project>